
Microsoft Visual Studio Solution File, Format Version 12.00
# Visual Studio Version 16
VisualStudioVersion = 16.0.30413.136
MinimumVisualStudioVersion = 10.0.40219.1
Project("{FAE04EC0-301F-11D3-BF4B-00C04F79EFBC}") = "blogGudkov", "blogGudkov\blogGudkov.csproj", "{EB1F2D57-D5B4-4AF2-BDAF-E9FC33EEC3A0}"
EndProject
Global
	GlobalSection(SolutionConfigurationPlatforms) = preSolution
		Debug|Any CPU = Debug|Any CPU
		Release|Any CPU = Release|Any CPU
	EndGlobalSection
	GlobalSection(ProjectConfigurationPlatforms) = postSolution
		{EB1F2D57-D5B4-4AF2-BDAF-E9FC33EEC3A0}.Debug|Any CPU.ActiveCfg = Debug|Any CPU
		{EB1F2D57-D5B4-4AF2-BDAF-E9FC33EEC3A0}.Debug|Any CPU.Build.0 = Debug|Any CPU
		{EB1F2D57-D5B4-4AF2-BDAF-E9FC33EEC3A0}.Release|Any CPU.ActiveCfg = Release|Any CPU
		{EB1F2D57-D5B4-4AF2-BDAF-E9FC33EEC3A0}.Release|Any CPU.Build.0 = Release|Any CPU
	EndGlobalSection
	GlobalSection(SolutionProperties) = preSolution
		HideSolutionNode = FALSE
	EndGlobalSection
	GlobalSection(ExtensibilityGlobals) = postSolution
		SolutionGuid = {D1201321-3816-4477-9E48-42D19ACC2981}
	EndGlobalSection
EndGlobal
